
Microsoft Visual Studio Solution File, Format Version 12.00
# Visual Studio 15
VisualStudioVersion = 15.0.27428.2043
MinimumVisualStudioVersion = 10.0.40219.1
Project("{FAE04EC0-301F-11D3-BF4B-00C04F79EFBC}") = "BrowserDataGrabber", "BrowserDataGrabber\BrowserDataGrabber.csproj", "{F2691B74-129F-4AC2-A88A-DB4B0F36B609}"
EndProject
Global
	GlobalSection(SolutionConfigurationPlatforms) = preSolution
		Debug|Any CPU = Debug|Any CPU
		Release|Any CPU = Release|Any CPU
	EndGlobalSection
	GlobalSection(ProjectConfigurationPlatforms) = postSolution
		{F2691B74-129F-4AC2-A88A-DB4B0F36B609}.Debug|Any CPU.ActiveCfg = Debug|Any CPU
		{F2691B74-129F-4AC2-A88A-DB4B0F36B609}.Debug|Any CPU.Build.0 = Debug|Any CPU
		{F2691B74-129F-4AC2-A88A-DB4B0F36B609}.Release|Any CPU.ActiveCfg = Release|Any CPU
		{F2691B74-129F-4AC2-A88A-DB4B0F36B609}.Release|Any CPU.Build.0 = Release|Any CPU
	EndGlobalSection
	GlobalSection(SolutionProperties) = preSolution
		HideSolutionNode = FALSE
	EndGlobalSection
	GlobalSection(ExtensibilityGlobals) = postSolution
		SolutionGuid = {609E93F0-EBE4-4ADF-962D-7C50E2A23345}
	EndGlobalSection
EndGlobal
